
Microsoft Visual Studio Solution File, Format Version 11.00
# Visual Studio 2010
Project("{FAE04EC0-301F-11D3-BF4B-00C04F79EFBC}") = "SparkleLibrary2010", "SparkleLibrary2010.csproj", "{D63F9786-B608-4085-AF08-D909448B0426}"
EndProject
Global
	GlobalSection(SolutionConfigurationPlatforms) = preSolution
		Debug|Any CPU = Debug|Any CPU
		Release|Any CPU = Release|Any CPU
	EndGlobalSection
	GlobalSection(ProjectConfigurationPlatforms) = postSolution
		{D63F9786-B608-4085-AF08-D909448B0426}.Debug|Any CPU.ActiveCfg = Debug|Any CPU
		{D63F9786-B608-4085-AF08-D909448B0426}.Debug|Any CPU.Build.0 = Debug|Any CPU
		{D63F9786-B608-4085-AF08-D909448B0426}.Release|Any CPU.ActiveCfg = Release|Any CPU
		{D63F9786-B608-4085-AF08-D909448B0426}.Release|Any CPU.Build.0 = Release|Any CPU
	EndGlobalSection
	GlobalSection(SolutionProperties) = preSolution
		HideSolutionNode = FALSE
	EndGlobalSection
EndGlobal
