Microsoft Visual Studio Solution File, Format Version 8.00
Project("{FAE04EC0-301F-11D3-BF4B-00C04F79EFBC}") = "MediaPlayerTest", "MediaPlayerTest.csproj", "{215A415E-AF1E-43C9-B88B-BAF74732F5DE}"
	ProjectSection(ProjectDependencies) = postProject
	EndProjectSection
EndProject
Global
	GlobalSection(SolutionConfiguration) = preSolution
		Debug = Debug
		Release = Release
	EndGlobalSection
	GlobalSection(ProjectConfiguration) = postSolution
		{215A415E-AF1E-43C9-B88B-BAF74732F5DE}.Debug.ActiveCfg = Debug|.NET
		{215A415E-AF1E-43C9-B88B-BAF74732F5DE}.Debug.Build.0 = Debug|.NET
		{215A415E-AF1E-43C9-B88B-BAF74732F5DE}.Release.ActiveCfg = Release|.NET
		{215A415E-AF1E-43C9-B88B-BAF74732F5DE}.Release.Build.0 = Release|.NET
	EndGlobalSection
	GlobalSection(ExtensibilityGlobals) = postSolution
	EndGlobalSection
	GlobalSection(ExtensibilityAddIns) = postSolution
	EndGlobalSection
EndGlobal
